
Microsoft Visual Studio Solution File, Format Version 12.00
# Visual Studio Version 17
VisualStudioVersion = 17.0.32126.317
MinimumVisualStudioVersion = 10.0.40219.1
Project("{FAE04EC0-301F-11D3-BF4B-00C04F79EFBC}") = "Day15Project4", "Day15Project4\Day15Project4.csproj", "{A5156C39-50BD-4AD3-97DE-44FE7CD2B1FE}"
EndProject
Global
	GlobalSection(SolutionConfigurationPlatforms) = preSolution
		Debug|Any CPU = Debug|Any CPU
		Release|Any CPU = Release|Any CPU
	EndGlobalSection
	GlobalSection(ProjectConfigurationPlatforms) = postSolution
		{A5156C39-50BD-4AD3-97DE-44FE7CD2B1FE}.Debug|Any CPU.ActiveCfg = Debug|Any CPU
		{A5156C39-50BD-4AD3-97DE-44FE7CD2B1FE}.Debug|Any CPU.Build.0 = Debug|Any CPU
		{A5156C39-50BD-4AD3-97DE-44FE7CD2B1FE}.Release|Any CPU.ActiveCfg = Release|Any CPU
		{A5156C39-50BD-4AD3-97DE-44FE7CD2B1FE}.Release|Any CPU.Build.0 = Release|Any CPU
	EndGlobalSection
	GlobalSection(SolutionProperties) = preSolution
		HideSolutionNode = FALSE
	EndGlobalSection
	GlobalSection(ExtensibilityGlobals) = postSolution
		SolutionGuid = {55DFFBBD-62EC-4989-BC80-AAD05931A1C1}
	EndGlobalSection
EndGlobal
