
Microsoft Visual Studio Solution File, Format Version 12.00
# Visual Studio Version 17
VisualStudioVersion = 17.1.32210.238
MinimumVisualStudioVersion = 10.0.40219.1
Project("{FAE04EC0-301F-11D3-BF4B-00C04F79EFBC}") = "NullableTypes", "NullableTypes\NullableTypes.csproj", "{860C8301-7EBC-40E9-A118-53E2E8807C39}"
EndProject
Global
	GlobalSection(SolutionConfigurationPlatforms) = preSolution
		Debug|Any CPU = Debug|Any CPU
		Release|Any CPU = Release|Any CPU
	EndGlobalSection
	GlobalSection(ProjectConfigurationPlatforms) = postSolution
		{860C8301-7EBC-40E9-A118-53E2E8807C39}.Debug|Any CPU.ActiveCfg = Debug|Any CPU
		{860C8301-7EBC-40E9-A118-53E2E8807C39}.Debug|Any CPU.Build.0 = Debug|Any CPU
		{860C8301-7EBC-40E9-A118-53E2E8807C39}.Release|Any CPU.ActiveCfg = Release|Any CPU
		{860C8301-7EBC-40E9-A118-53E2E8807C39}.Release|Any CPU.Build.0 = Release|Any CPU
	EndGlobalSection
	GlobalSection(SolutionProperties) = preSolution
		HideSolutionNode = FALSE
	EndGlobalSection
	GlobalSection(ExtensibilityGlobals) = postSolution
		SolutionGuid = {2EF6AD46-303A-4B97-8B3B-FCCCE5C65822}
	EndGlobalSection
EndGlobal
