
Microsoft Visual Studio Solution File, Format Version 12.00
# Visual Studio Version 17
VisualStudioVersion = 17.1.32210.238
MinimumVisualStudioVersion = 10.0.40219.1
Project("{FAE04EC0-301F-11D3-BF4B-00C04F79EFBC}") = "DelegatesExample", "DelegatesExample\DelegatesExample.csproj", "{C5B59199-D59B-4D04-9F8A-162ECA0D6C86}"
EndProject
Global
	GlobalSection(SolutionConfigurationPlatforms) = preSolution
		Debug|Any CPU = Debug|Any CPU
		Release|Any CPU = Release|Any CPU
	EndGlobalSection
	GlobalSection(ProjectConfigurationPlatforms) = postSolution
		{C5B59199-D59B-4D04-9F8A-162ECA0D6C86}.Debug|Any CPU.ActiveCfg = Debug|Any CPU
		{C5B59199-D59B-4D04-9F8A-162ECA0D6C86}.Debug|Any CPU.Build.0 = Debug|Any CPU
		{C5B59199-D59B-4D04-9F8A-162ECA0D6C86}.Release|Any CPU.ActiveCfg = Release|Any CPU
		{C5B59199-D59B-4D04-9F8A-162ECA0D6C86}.Release|Any CPU.Build.0 = Release|Any CPU
	EndGlobalSection
	GlobalSection(SolutionProperties) = preSolution
		HideSolutionNode = FALSE
	EndGlobalSection
	GlobalSection(ExtensibilityGlobals) = postSolution
		SolutionGuid = {B212EDB8-F372-4470-81B3-AC227551E21C}
	EndGlobalSection
EndGlobal
