
Microsoft Visual Studio Solution File, Format Version 12.00
# Visual Studio Version 17
VisualStudioVersion = 17.0.32112.339
MinimumVisualStudioVersion = 10.0.40219.1
Project("{FAE04EC0-301F-11D3-BF4B-00C04F79EFBC}") = "Day6Project1", "Day6Project1\Day6Project1.csproj", "{201CC25F-2BDC-4F4B-B2AC-DF73EB81DF1A}"
EndProject
Global
	GlobalSection(SolutionConfigurationPlatforms) = preSolution
		Debug|Any CPU = Debug|Any CPU
		Release|Any CPU = Release|Any CPU
	EndGlobalSection
	GlobalSection(ProjectConfigurationPlatforms) = postSolution
		{201CC25F-2BDC-4F4B-B2AC-DF73EB81DF1A}.Debug|Any CPU.ActiveCfg = Debug|Any CPU
		{201CC25F-2BDC-4F4B-B2AC-DF73EB81DF1A}.Debug|Any CPU.Build.0 = Debug|Any CPU
		{201CC25F-2BDC-4F4B-B2AC-DF73EB81DF1A}.Release|Any CPU.ActiveCfg = Release|Any CPU
		{201CC25F-2BDC-4F4B-B2AC-DF73EB81DF1A}.Release|Any CPU.Build.0 = Release|Any CPU
	EndGlobalSection
	GlobalSection(SolutionProperties) = preSolution
		HideSolutionNode = FALSE
	EndGlobalSection
	GlobalSection(ExtensibilityGlobals) = postSolution
		SolutionGuid = {2ECB4676-DF2D-4AEA-8F3B-6BB802137AC6}
	EndGlobalSection
EndGlobal
