
Microsoft Visual Studio Solution File, Format Version 12.00
# Visual Studio Version 17
VisualStudioVersion = 17.0.32126.317
MinimumVisualStudioVersion = 10.0.40219.1
Project("{FAE04EC0-301F-11D3-BF4B-00C04F79EFBC}") = "AccessModifier", "AccessModifier\AccessModifier.csproj", "{5AF157FD-F812-4613-9243-D87884BA32E5}"
EndProject
Project("{FAE04EC0-301F-11D3-BF4B-00C04F79EFBC}") = "ManojLibrary", "ManojLibrary\ManojLibrary.csproj", "{1A3BBE86-F56F-47B5-903D-DCDE568630C9}"
EndProject
Project("{FAE04EC0-301F-11D3-BF4B-00C04F79EFBC}") = "PublicLibrary", "PublicLibrary\PublicLibrary.csproj", "{E764BD1E-2B24-4E14-A008-87448868EA06}"
EndProject
Global
	GlobalSection(SolutionConfigurationPlatforms) = preSolution
		Debug|Any CPU = Debug|Any CPU
		Release|Any CPU = Release|Any CPU
	EndGlobalSection
	GlobalSection(ProjectConfigurationPlatforms) = postSolution
		{5AF157FD-F812-4613-9243-D87884BA32E5}.Debug|Any CPU.ActiveCfg = Debug|Any CPU
		{5AF157FD-F812-4613-9243-D87884BA32E5}.Debug|Any CPU.Build.0 = Debug|Any CPU
		{5AF157FD-F812-4613-9243-D87884BA32E5}.Release|Any CPU.ActiveCfg = Release|Any CPU
		{5AF157FD-F812-4613-9243-D87884BA32E5}.Release|Any CPU.Build.0 = Release|Any CPU
		{1A3BBE86-F56F-47B5-903D-DCDE568630C9}.Debug|Any CPU.ActiveCfg = Debug|Any CPU
		{1A3BBE86-F56F-47B5-903D-DCDE568630C9}.Debug|Any CPU.Build.0 = Debug|Any CPU
		{1A3BBE86-F56F-47B5-903D-DCDE568630C9}.Release|Any CPU.ActiveCfg = Release|Any CPU
		{1A3BBE86-F56F-47B5-903D-DCDE568630C9}.Release|Any CPU.Build.0 = Release|Any CPU
		{E764BD1E-2B24-4E14-A008-87448868EA06}.Debug|Any CPU.ActiveCfg = Debug|Any CPU
		{E764BD1E-2B24-4E14-A008-87448868EA06}.Debug|Any CPU.Build.0 = Debug|Any CPU
		{E764BD1E-2B24-4E14-A008-87448868EA06}.Release|Any CPU.ActiveCfg = Release|Any CPU
		{E764BD1E-2B24-4E14-A008-87448868EA06}.Release|Any CPU.Build.0 = Release|Any CPU
	EndGlobalSection
	GlobalSection(SolutionProperties) = preSolution
		HideSolutionNode = FALSE
	EndGlobalSection
	GlobalSection(ExtensibilityGlobals) = postSolution
		SolutionGuid = {63F98B66-EC8E-4A5F-89C9-3705DA2118A1}
	EndGlobalSection
EndGlobal
