
Microsoft Visual Studio Solution File, Format Version 12.00
# Visual Studio Version 17
VisualStudioVersion = 17.0.32126.317
MinimumVisualStudioVersion = 10.0.40219.1
Project("{FAE04EC0-301F-11D3-BF4B-00C04F79EFBC}") = "Day16Project1", "Day16Project1\Day16Project1.csproj", "{1A8A1084-DD5F-4DEE-8602-AED677BAC10A}"
EndProject
Global
	GlobalSection(SolutionConfigurationPlatforms) = preSolution
		Debug|Any CPU = Debug|Any CPU
		Release|Any CPU = Release|Any CPU
	EndGlobalSection
	GlobalSection(ProjectConfigurationPlatforms) = postSolution
		{1A8A1084-DD5F-4DEE-8602-AED677BAC10A}.Debug|Any CPU.ActiveCfg = Debug|Any CPU
		{1A8A1084-DD5F-4DEE-8602-AED677BAC10A}.Debug|Any CPU.Build.0 = Debug|Any CPU
		{1A8A1084-DD5F-4DEE-8602-AED677BAC10A}.Release|Any CPU.ActiveCfg = Release|Any CPU
		{1A8A1084-DD5F-4DEE-8602-AED677BAC10A}.Release|Any CPU.Build.0 = Release|Any CPU
	EndGlobalSection
	GlobalSection(SolutionProperties) = preSolution
		HideSolutionNode = FALSE
	EndGlobalSection
	GlobalSection(ExtensibilityGlobals) = postSolution
		SolutionGuid = {A0C6B56A-9218-47F7-A1B3-8C5885F8448C}
	EndGlobalSection
EndGlobal
