
Microsoft Visual Studio Solution File, Format Version 12.00
# Visual Studio Version 17
VisualStudioVersion = 17.0.32112.339
MinimumVisualStudioVersion = 10.0.40219.1
Project("{FAE04EC0-301F-11D3-BF4B-00C04F79EFBC}") = "Day1Project2", "Day1Project2\Day1Project2.csproj", "{B6DE5F33-A7E8-49F0-AB80-0A5633F68999}"
EndProject
Global
	GlobalSection(SolutionConfigurationPlatforms) = preSolution
		Debug|Any CPU = Debug|Any CPU
		Release|Any CPU = Release|Any CPU
	EndGlobalSection
	GlobalSection(ProjectConfigurationPlatforms) = postSolution
		{B6DE5F33-A7E8-49F0-AB80-0A5633F68999}.Debug|Any CPU.ActiveCfg = Debug|Any CPU
		{B6DE5F33-A7E8-49F0-AB80-0A5633F68999}.Debug|Any CPU.Build.0 = Debug|Any CPU
		{B6DE5F33-A7E8-49F0-AB80-0A5633F68999}.Release|Any CPU.ActiveCfg = Release|Any CPU
		{B6DE5F33-A7E8-49F0-AB80-0A5633F68999}.Release|Any CPU.Build.0 = Release|Any CPU
	EndGlobalSection
	GlobalSection(SolutionProperties) = preSolution
		HideSolutionNode = FALSE
	EndGlobalSection
	GlobalSection(ExtensibilityGlobals) = postSolution
		SolutionGuid = {10581037-9F59-455C-9D3D-0AB37B37B261}
	EndGlobalSection
EndGlobal
