
Microsoft Visual Studio Solution File, Format Version 12.00
# Visual Studio Version 17
VisualStudioVersion = 17.0.32112.339
MinimumVisualStudioVersion = 10.0.40219.1
Project("{FAE04EC0-301F-11D3-BF4B-00C04F79EFBC}") = "Day10EVEProject1", "Day10EVEProject1\Day10EVEProject1.csproj", "{D12129A7-EEB7-4412-BCD5-CC55A8A5FFCE}"
EndProject
Global
	GlobalSection(SolutionConfigurationPlatforms) = preSolution
		Debug|Any CPU = Debug|Any CPU
		Release|Any CPU = Release|Any CPU
	EndGlobalSection
	GlobalSection(ProjectConfigurationPlatforms) = postSolution
		{D12129A7-EEB7-4412-BCD5-CC55A8A5FFCE}.Debug|Any CPU.ActiveCfg = Debug|Any CPU
		{D12129A7-EEB7-4412-BCD5-CC55A8A5FFCE}.Debug|Any CPU.Build.0 = Debug|Any CPU
		{D12129A7-EEB7-4412-BCD5-CC55A8A5FFCE}.Release|Any CPU.ActiveCfg = Release|Any CPU
		{D12129A7-EEB7-4412-BCD5-CC55A8A5FFCE}.Release|Any CPU.Build.0 = Release|Any CPU
	EndGlobalSection
	GlobalSection(SolutionProperties) = preSolution
		HideSolutionNode = FALSE
	EndGlobalSection
	GlobalSection(ExtensibilityGlobals) = postSolution
		SolutionGuid = {2F69C8B3-FCAD-49E7-844A-6A8DC1C878CE}
	EndGlobalSection
EndGlobal
