
Microsoft Visual Studio Solution File, Format Version 12.00
# Visual Studio Version 17
VisualStudioVersion = 17.0.32126.317
MinimumVisualStudioVersion = 10.0.40219.1
Project("{FAE04EC0-301F-11D3-BF4B-00C04F79EFBC}") = "Day14Project4", "Day14Project4\Day14Project4.csproj", "{601B8E7E-D7CE-4298-B95A-AC345DE373E7}"
EndProject
Global
	GlobalSection(SolutionConfigurationPlatforms) = preSolution
		Debug|Any CPU = Debug|Any CPU
		Release|Any CPU = Release|Any CPU
	EndGlobalSection
	GlobalSection(ProjectConfigurationPlatforms) = postSolution
		{601B8E7E-D7CE-4298-B95A-AC345DE373E7}.Debug|Any CPU.ActiveCfg = Debug|Any CPU
		{601B8E7E-D7CE-4298-B95A-AC345DE373E7}.Debug|Any CPU.Build.0 = Debug|Any CPU
		{601B8E7E-D7CE-4298-B95A-AC345DE373E7}.Release|Any CPU.ActiveCfg = Release|Any CPU
		{601B8E7E-D7CE-4298-B95A-AC345DE373E7}.Release|Any CPU.Build.0 = Release|Any CPU
	EndGlobalSection
	GlobalSection(SolutionProperties) = preSolution
		HideSolutionNode = FALSE
	EndGlobalSection
	GlobalSection(ExtensibilityGlobals) = postSolution
		SolutionGuid = {592AE612-D961-4DA4-8758-31E788E4D71E}
	EndGlobalSection
EndGlobal
