
Microsoft Visual Studio Solution File, Format Version 12.00
# Visual Studio Version 17
VisualStudioVersion = 17.0.32112.339
MinimumVisualStudioVersion = 10.0.40219.1
Project("{FAE04EC0-301F-11D3-BF4B-00C04F79EFBC}") = "Day10Project3", "Day10Project3\Day10Project3.csproj", "{A08D5119-A095-43D6-AC1F-06A89DF1BAFC}"
EndProject
Global
	GlobalSection(SolutionConfigurationPlatforms) = preSolution
		Debug|Any CPU = Debug|Any CPU
		Release|Any CPU = Release|Any CPU
	EndGlobalSection
	GlobalSection(ProjectConfigurationPlatforms) = postSolution
		{A08D5119-A095-43D6-AC1F-06A89DF1BAFC}.Debug|Any CPU.ActiveCfg = Debug|Any CPU
		{A08D5119-A095-43D6-AC1F-06A89DF1BAFC}.Debug|Any CPU.Build.0 = Debug|Any CPU
		{A08D5119-A095-43D6-AC1F-06A89DF1BAFC}.Release|Any CPU.ActiveCfg = Release|Any CPU
		{A08D5119-A095-43D6-AC1F-06A89DF1BAFC}.Release|Any CPU.Build.0 = Release|Any CPU
	EndGlobalSection
	GlobalSection(SolutionProperties) = preSolution
		HideSolutionNode = FALSE
	EndGlobalSection
	GlobalSection(ExtensibilityGlobals) = postSolution
		SolutionGuid = {FB97F7EF-B6F5-4831-9DE7-70B93A2F8652}
	EndGlobalSection
EndGlobal
