
Microsoft Visual Studio Solution File, Format Version 12.00
# Visual Studio Version 17
VisualStudioVersion = 17.0.32112.339
MinimumVisualStudioVersion = 10.0.40219.1
Project("{FAE04EC0-301F-11D3-BF4B-00C04F79EFBC}") = "Day7Project2", "Day7Project2\Day7Project2.csproj", "{933B33BC-20C1-47C9-93BB-DBC9E63CFFAD}"
EndProject
Global
	GlobalSection(SolutionConfigurationPlatforms) = preSolution
		Debug|Any CPU = Debug|Any CPU
		Release|Any CPU = Release|Any CPU
	EndGlobalSection
	GlobalSection(ProjectConfigurationPlatforms) = postSolution
		{933B33BC-20C1-47C9-93BB-DBC9E63CFFAD}.Debug|Any CPU.ActiveCfg = Debug|Any CPU
		{933B33BC-20C1-47C9-93BB-DBC9E63CFFAD}.Debug|Any CPU.Build.0 = Debug|Any CPU
		{933B33BC-20C1-47C9-93BB-DBC9E63CFFAD}.Release|Any CPU.ActiveCfg = Release|Any CPU
		{933B33BC-20C1-47C9-93BB-DBC9E63CFFAD}.Release|Any CPU.Build.0 = Release|Any CPU
	EndGlobalSection
	GlobalSection(SolutionProperties) = preSolution
		HideSolutionNode = FALSE
	EndGlobalSection
	GlobalSection(ExtensibilityGlobals) = postSolution
		SolutionGuid = {B87631F1-0E95-4577-BDE1-6FA78FC959CB}
	EndGlobalSection
EndGlobal
